
Microsoft Visual Studio Solution File, Format Version 12.00
# Visual Studio 15
VisualStudioVersion = 15.0.27130.2026
MinimumVisualStudioVersion = 10.0.40219.1
Project("{FAE04EC0-301F-11D3-BF4B-00C04F79EFBC}") = "CarBrokers", "CarBrokers\CarBrokers.csproj", "{467C066F-5470-4424-A792-B7F950615A58}"
EndProject
Project("{FAE04EC0-301F-11D3-BF4B-00C04F79EFBC}") = "CarBrokers.Tests", "CarBrokers.Tests\CarBrokers.Tests.csproj", "{109F925B-8F65-4CBF-9F3C-BCBC8FBFB814}"
EndProject
Global
	GlobalSection(SolutionConfigurationPlatforms) = preSolution
		Debug|Any CPU = Debug|Any CPU
		Release|Any CPU = Release|Any CPU
	EndGlobalSection
	GlobalSection(ProjectConfigurationPlatforms) = postSolution
		{467C066F-5470-4424-A792-B7F950615A58}.Debug|Any CPU.ActiveCfg = Debug|Any CPU
		{467C066F-5470-4424-A792-B7F950615A58}.Debug|Any CPU.Build.0 = Debug|Any CPU
		{467C066F-5470-4424-A792-B7F950615A58}.Release|Any CPU.ActiveCfg = Release|Any CPU
		{467C066F-5470-4424-A792-B7F950615A58}.Release|Any CPU.Build.0 = Release|Any CPU
		{109F925B-8F65-4CBF-9F3C-BCBC8FBFB814}.Debug|Any CPU.ActiveCfg = Debug|Any CPU
		{109F925B-8F65-4CBF-9F3C-BCBC8FBFB814}.Debug|Any CPU.Build.0 = Debug|Any CPU
		{109F925B-8F65-4CBF-9F3C-BCBC8FBFB814}.Release|Any CPU.ActiveCfg = Release|Any CPU
		{109F925B-8F65-4CBF-9F3C-BCBC8FBFB814}.Release|Any CPU.Build.0 = Release|Any CPU
	EndGlobalSection
	GlobalSection(SolutionProperties) = preSolution
		HideSolutionNode = FALSE
	EndGlobalSection
	GlobalSection(ExtensibilityGlobals) = postSolution
		SolutionGuid = {B007FA42-5D2A-46F1-9C01-DDE18AC0323D}
	EndGlobalSection
EndGlobal
